
Microsoft Visual Studio Solution File, Format Version 12.00
# Visual Studio Version 17
VisualStudioVersion = 17.0.31903.59
MinimumVisualStudioVersion = 10.0.40219.1
Project("{9A19103F-16F7-4668-BE54-9A1E7A4F7556}") = "CarWorkshop.MVC", "CarWorkshop.MVC\CarWorkshop.MVC.csproj", "{DB306874-64DD-48C8-9525-A5B51EB35733}"
EndProject
Project("{9A19103F-16F7-4668-BE54-9A1E7A4F7556}") = "CarWorkshop.Domain", "CarWorkShop.Domain\CarWorkshop.Domain.csproj", "{7565D867-8E4E-45FD-B8D5-AAD90789FB8B}"
EndProject
Project("{9A19103F-16F7-4668-BE54-9A1E7A4F7556}") = "CarWorkshop.Application", "CarWorkShop.Application\CarWorkshop.Application.csproj", "{4881D912-3B94-49FF-8D04-AF7ED63D9901}"
EndProject
Project("{9A19103F-16F7-4668-BE54-9A1E7A4F7556}") = "CarWorkshop.Infrastructure", "CarWorkShop.Infrastructure\CarWorkshop.Infrastructure.csproj", "{5CFD7ABE-25F7-43E6-86C9-9D84BD2E0824}"
EndProject
Project("{9A19103F-16F7-4668-BE54-9A1E7A4F7556}") = "CarWorkshop.DomainTests", "CarWorkshop.DomainTests\CarWorkshop.DomainTests.csproj", "{67CEA4A9-2B0E-44FF-A7DB-877262AD113A}"
EndProject
Project("{2150E333-8FDC-42A3-9474-1A3956D46DE8}") = "Tests", "Tests", "{7F6D055B-1182-46A2-8479-FB7EC1977978}"
	ProjectSection(SolutionItems) = preProject
		CarWorkshop.MVCTests\Controllers\HomeControllerTests.cs = CarWorkshop.MVCTests\Controllers\HomeControllerTests.cs
	EndProjectSection
EndProject
Project("{FAE04EC0-301F-11D3-BF4B-00C04F79EFBC}") = "CarWorkshop.MVCTests", "CarWorkshop.MVCTests\CarWorkshop.MVCTests.csproj", "{6DEFCB6B-8333-4458-8C96-6C90032C60DB}"
EndProject
Global
	GlobalSection(SolutionConfigurationPlatforms) = preSolution
		Debug|Any CPU = Debug|Any CPU
		Release|Any CPU = Release|Any CPU
	EndGlobalSection
	GlobalSection(ProjectConfigurationPlatforms) = postSolution
		{DB306874-64DD-48C8-9525-A5B51EB35733}.Debug|Any CPU.ActiveCfg = Debug|Any CPU
		{DB306874-64DD-48C8-9525-A5B51EB35733}.Debug|Any CPU.Build.0 = Debug|Any CPU
		{DB306874-64DD-48C8-9525-A5B51EB35733}.Release|Any CPU.ActiveCfg = Release|Any CPU
		{DB306874-64DD-48C8-9525-A5B51EB35733}.Release|Any CPU.Build.0 = Release|Any CPU
		{7565D867-8E4E-45FD-B8D5-AAD90789FB8B}.Debug|Any CPU.ActiveCfg = Debug|Any CPU
		{7565D867-8E4E-45FD-B8D5-AAD90789FB8B}.Debug|Any CPU.Build.0 = Debug|Any CPU
		{7565D867-8E4E-45FD-B8D5-AAD90789FB8B}.Release|Any CPU.ActiveCfg = Release|Any CPU
		{7565D867-8E4E-45FD-B8D5-AAD90789FB8B}.Release|Any CPU.Build.0 = Release|Any CPU
		{4881D912-3B94-49FF-8D04-AF7ED63D9901}.Debug|Any CPU.ActiveCfg = Debug|Any CPU
		{4881D912-3B94-49FF-8D04-AF7ED63D9901}.Debug|Any CPU.Build.0 = Debug|Any CPU
		{4881D912-3B94-49FF-8D04-AF7ED63D9901}.Release|Any CPU.ActiveCfg = Release|Any CPU
		{4881D912-3B94-49FF-8D04-AF7ED63D9901}.Release|Any CPU.Build.0 = Release|Any CPU
		{5CFD7ABE-25F7-43E6-86C9-9D84BD2E0824}.Debug|Any CPU.ActiveCfg = Debug|Any CPU
		{5CFD7ABE-25F7-43E6-86C9-9D84BD2E0824}.Debug|Any CPU.Build.0 = Debug|Any CPU
		{5CFD7ABE-25F7-43E6-86C9-9D84BD2E0824}.Release|Any CPU.ActiveCfg = Release|Any CPU
		{5CFD7ABE-25F7-43E6-86C9-9D84BD2E0824}.Release|Any CPU.Build.0 = Release|Any CPU
		{67CEA4A9-2B0E-44FF-A7DB-877262AD113A}.Debug|Any CPU.ActiveCfg = Debug|Any CPU
		{67CEA4A9-2B0E-44FF-A7DB-877262AD113A}.Debug|Any CPU.Build.0 = Debug|Any CPU
		{67CEA4A9-2B0E-44FF-A7DB-877262AD113A}.Release|Any CPU.ActiveCfg = Release|Any CPU
		{67CEA4A9-2B0E-44FF-A7DB-877262AD113A}.Release|Any CPU.Build.0 = Release|Any CPU
		{2F97F1F2-93B4-446F-8D49-643D076035B9}.Debug|Any CPU.ActiveCfg = Debug|Any CPU
		{2F97F1F2-93B4-446F-8D49-643D076035B9}.Debug|Any CPU.Build.0 = Debug|Any CPU
		{2F97F1F2-93B4-446F-8D49-643D076035B9}.Release|Any CPU.ActiveCfg = Release|Any CPU
		{2F97F1F2-93B4-446F-8D49-643D076035B9}.Release|Any CPU.Build.0 = Release|Any CPU
		{6DEFCB6B-8333-4458-8C96-6C90032C60DB}.Debug|Any CPU.ActiveCfg = Debug|Any CPU
		{6DEFCB6B-8333-4458-8C96-6C90032C60DB}.Debug|Any CPU.Build.0 = Debug|Any CPU
		{6DEFCB6B-8333-4458-8C96-6C90032C60DB}.Release|Any CPU.ActiveCfg = Release|Any CPU
		{6DEFCB6B-8333-4458-8C96-6C90032C60DB}.Release|Any CPU.Build.0 = Release|Any CPU
	EndGlobalSection
	GlobalSection(SolutionProperties) = preSolution
		HideSolutionNode = FALSE
	EndGlobalSection
	GlobalSection(NestedProjects) = preSolution
		{67CEA4A9-2B0E-44FF-A7DB-877262AD113A} = {7F6D055B-1182-46A2-8479-FB7EC1977978}
		{2F97F1F2-93B4-446F-8D49-643D076035B9} = {7F6D055B-1182-46A2-8479-FB7EC1977978}
		{6DEFCB6B-8333-4458-8C96-6C90032C60DB} = {7F6D055B-1182-46A2-8479-FB7EC1977978}
	EndGlobalSection
	GlobalSection(ExtensibilityGlobals) = postSolution
		SolutionGuid = {1E999AD0-3A71-4183-A043-B30733DA8C1F}
	EndGlobalSection
EndGlobal
